// !$*UTF8*$!
{
	archiveVersion = 1;
	classes = {
	};
	objectVersion = 56;
	objects = {

/* Begin PBXBuildFile section */
		0077C17A29AF83880016041B /* SquareRecipeUIView.swift in Sources */ = {isa = PBXBuildFile; fileRef = 0077C17929AF83880016041B /* SquareRecipeUIView.swift */; };
		0096E45C29ADE18400247EC6 /* StartScreenViewController.swift in Sources */ = {isa = PBXBuildFile; fileRef = 0096E45B29ADE18400247EC6 /* StartScreenViewController.swift */; };
		2700EC9429AF836E00DC3F3A /* MainViewController.swift in Sources */ = {isa = PBXBuildFile; fileRef = 2700EC9329AF836E00DC3F3A /* MainViewController.swift */; };
		2711AB5129AD016300E99592 /* AppDelegate.swift in Sources */ = {isa = PBXBuildFile; fileRef = 2711AB5029AD016300E99592 /* AppDelegate.swift */; };
		2711AB5329AD016300E99592 /* SceneDelegate.swift in Sources */ = {isa = PBXBuildFile; fileRef = 2711AB5229AD016300E99592 /* SceneDelegate.swift */; };
		2711AB5529AD016300E99592 /* ViewController.swift in Sources */ = {isa = PBXBuildFile; fileRef = 2711AB5429AD016300E99592 /* ViewController.swift */; };
		2711AB5A29AD016400E99592 /* Assets.xcassets in Resources */ = {isa = PBXBuildFile; fileRef = 2711AB5929AD016400E99592 /* Assets.xcassets */; };
		2711AB5D29AD016400E99592 /* LaunchScreen.storyboard in Resources */ = {isa = PBXBuildFile; fileRef = 2711AB5B29AD016400E99592 /* LaunchScreen.storyboard */; };
		27CFAB1B29AE66C4001E5947 /* LocalState.swift in Sources */ = {isa = PBXBuildFile; fileRef = 27CFAB1A29AE66C4001E5947 /* LocalState.swift */; };
		6E21DE9229AE4FD300386741 /* Poppins-Bold.ttf in Resources */ = {isa = PBXBuildFile; fileRef = 6E21DE9029AE4FD300386741 /* Poppins-Bold.ttf */; };
		6E21DE9329AE4FD300386741 /* Poppins-Regular.ttf in Resources */ = {isa = PBXBuildFile; fileRef = 6E21DE9129AE4FD300386741 /* Poppins-Regular.ttf */; };
		6E21DE9529AE52C400386741 /* UIFont + Extensions.swift in Sources */ = {isa = PBXBuildFile; fileRef = 6E21DE9429AE52C400386741 /* UIFont + Extensions.swift */; };
		6E21DE9929AE5A2300386741 /* Poppins-SemiBold.ttf in Resources */ = {isa = PBXBuildFile; fileRef = 6E21DE9829AE5A2300386741 /* Poppins-SemiBold.ttf */; };
		6E21DE9C29AE5C9D00386741 /* UIStackView + Extensions.swift in Sources */ = {isa = PBXBuildFile; fileRef = 6E21DE9B29AE5C9D00386741 /* UIStackView + Extensions.swift */; };
/* End PBXBuildFile section */

/* Begin PBXFileReference section */
		0077C17929AF83880016041B /* SquareRecipeUIView.swift */ = {isa = PBXFileReference; lastKnownFileType = sourcecode.swift; path = SquareRecipeUIView.swift; sourceTree = "<group>"; };
		0096E45B29ADE18400247EC6 /* StartScreenViewController.swift */ = {isa = PBXFileReference; lastKnownFileType = sourcecode.swift; path = StartScreenViewController.swift; sourceTree = "<group>"; };
		2700EC9329AF836E00DC3F3A /* MainViewController.swift */ = {isa = PBXFileReference; lastKnownFileType = sourcecode.swift; path = MainViewController.swift; sourceTree = "<group>"; };
		2711AB4D29AD016300E99592 /* CookBook.app */ = {isa = PBXFileReference; explicitFileType = wrapper.application; includeInIndex = 0; path = CookBook.app; sourceTree = BUILT_PRODUCTS_DIR; };
		2711AB5029AD016300E99592 /* AppDelegate.swift */ = {isa = PBXFileReference; lastKnownFileType = sourcecode.swift; path = AppDelegate.swift; sourceTree = "<group>"; };
		2711AB5229AD016300E99592 /* SceneDelegate.swift */ = {isa = PBXFileReference; lastKnownFileType = sourcecode.swift; path = SceneDelegate.swift; sourceTree = "<group>"; };
		2711AB5429AD016300E99592 /* ViewController.swift */ = {isa = PBXFileReference; lastKnownFileType = sourcecode.swift; path = ViewController.swift; sourceTree = "<group>"; };
		2711AB5929AD016400E99592 /* Assets.xcassets */ = {isa = PBXFileReference; lastKnownFileType = folder.assetcatalog; path = Assets.xcassets; sourceTree = "<group>"; };
		2711AB5C29AD016400E99592 /* Base */ = {isa = PBXFileReference; lastKnownFileType = file.storyboard; name = Base; path = Base.lproj/LaunchScreen.storyboard; sourceTree = "<group>"; };
		2711AB5E29AD016400E99592 /* Info.plist */ = {isa = PBXFileReference; lastKnownFileType = text.plist.xml; path = Info.plist; sourceTree = "<group>"; };
		27CFAB1A29AE66C4001E5947 /* LocalState.swift */ = {isa = PBXFileReference; lastKnownFileType = sourcecode.swift; path = LocalState.swift; sourceTree = "<group>"; };
		6E21DE9029AE4FD300386741 /* Poppins-Bold.ttf */ = {isa = PBXFileReference; lastKnownFileType = file; path = "Poppins-Bold.ttf"; sourceTree = "<group>"; };
		6E21DE9129AE4FD300386741 /* Poppins-Regular.ttf */ = {isa = PBXFileReference; lastKnownFileType = file; path = "Poppins-Regular.ttf"; sourceTree = "<group>"; };
		6E21DE9429AE52C400386741 /* UIFont + Extensions.swift */ = {isa = PBXFileReference; lastKnownFileType = sourcecode.swift; path = "UIFont + Extensions.swift"; sourceTree = "<group>"; };
		6E21DE9829AE5A2300386741 /* Poppins-SemiBold.ttf */ = {isa = PBXFileReference; lastKnownFileType = file; path = "Poppins-SemiBold.ttf"; sourceTree = "<group>"; };
		6E21DE9B29AE5C9D00386741 /* UIStackView + Extensions.swift */ = {isa = PBXFileReference; lastKnownFileType = sourcecode.swift; path = "UIStackView + Extensions.swift"; sourceTree = "<group>"; };
/* End PBXFileReference section */

/* Begin PBXFrameworksBuildPhase section */
		2711AB4A29AD016300E99592 /* Frameworks */ = {
			isa = PBXFrameworksBuildPhase;
			buildActionMask = 2147483647;
			files = (
			);
			runOnlyForDeploymentPostprocessing = 0;
		};
/* End PBXFrameworksBuildPhase section */

/* Begin PBXGroup section */
		2711AB4429AD016300E99592 = {
			isa = PBXGroup;
			children = (
				2711AB4F29AD016300E99592 /* CookBook */,
				2711AB4E29AD016300E99592 /* Products */,
			);
			sourceTree = "<group>";
		};
		2711AB4E29AD016300E99592 /* Products */ = {
			isa = PBXGroup;
			children = (
				2711AB4D29AD016300E99592 /* CookBook.app */,
			);
			name = Products;
			sourceTree = "<group>";
		};
		2711AB4F29AD016300E99592 /* CookBook */ = {
			isa = PBXGroup;
			children = (
				27CFAB1D29AE6A66001E5947 /* Supporting Files */,
				27CFAB1E29AE6A8F001E5947 /* App */,
				27CFAB1C29AE6A50001E5947 /* Utilities */,
				27CFAB1F29AE6AA1001E5947 /* Controllers */,
				0077C17929AF83880016041B /* SquareRecipeUIView.swift */,
			);
			path = CookBook;
			sourceTree = "<group>";
		};
		27CFAB1C29AE6A50001E5947 /* Utilities */ = {
			isa = PBXGroup;
			children = (
				27CFAB1A29AE66C4001E5947 /* LocalState.swift */,
				6E21DE9729AE555100386741 /* Extensions */,
			);
			path = Utilities;
			sourceTree = "<group>";
		};
		27CFAB1D29AE6A66001E5947 /* Supporting Files */ = {
			isa = PBXGroup;
			children = (
				6E21DE9629AE553300386741 /* Fonts */,
				2711AB5929AD016400E99592 /* Assets.xcassets */,
				2711AB5B29AD016400E99592 /* LaunchScreen.storyboard */,
				2711AB5E29AD016400E99592 /* Info.plist */,
			);
			name = "Supporting Files";
			sourceTree = "<group>";
		};
		27CFAB1E29AE6A8F001E5947 /* App */ = {
			isa = PBXGroup;
			children = (
				2711AB5029AD016300E99592 /* AppDelegate.swift */,
				2711AB5229AD016300E99592 /* SceneDelegate.swift */,
			);
			path = App;
			sourceTree = "<group>";
		};
		27CFAB1F29AE6AA1001E5947 /* Controllers */ = {
			isa = PBXGroup;
			children = (
				2711AB5429AD016300E99592 /* ViewController.swift */,
				0096E45B29ADE18400247EC6 /* StartScreenViewController.swift */,
				2700EC9329AF836E00DC3F3A /* MainViewController.swift */,
			);
			path = Controllers;
			sourceTree = "<group>";
		};
		6E21DE9629AE553300386741 /* Fonts */ = {
			isa = PBXGroup;
			children = (
				6E21DE9029AE4FD300386741 /* Poppins-Bold.ttf */,
				6E21DE9129AE4FD300386741 /* Poppins-Regular.ttf */,
				6E21DE9829AE5A2300386741 /* Poppins-SemiBold.ttf */,
			);
			path = Fonts;
			sourceTree = "<group>";
		};
		6E21DE9729AE555100386741 /* Extensions */ = {
			isa = PBXGroup;
			children = (
				6E21DE9A29AE5C6200386741 /* UIKit */,
			);
			path = Extensions;
			sourceTree = "<group>";
		};
		6E21DE9A29AE5C6200386741 /* UIKit */ = {
			isa = PBXGroup;
			children = (
				6E21DE9429AE52C400386741 /* UIFont + Extensions.swift */,
				6E21DE9B29AE5C9D00386741 /* UIStackView + Extensions.swift */,
			);
			path = UIKit;
			sourceTree = "<group>";
		};
/* End PBXGroup section */

/* Begin PBXNativeTarget section */
		2711AB4C29AD016300E99592 /* CookBook */ = {
			isa = PBXNativeTarget;
			buildConfigurationList = 2711AB6129AD016400E99592 /* Build configuration list for PBXNativeTarget "CookBook" */;
			buildPhases = (
				2711AB4929AD016300E99592 /* Sources */,
				2711AB4A29AD016300E99592 /* Frameworks */,
				2711AB4B29AD016300E99592 /* Resources */,
			);
			buildRules = (
			);
			dependencies = (
			);
			name = CookBook;
			productName = CookBook;
			productReference = 2711AB4D29AD016300E99592 /* CookBook.app */;
			productType = "com.apple.product-type.application";
		};
/* End PBXNativeTarget section */

/* Begin PBXProject section */
		2711AB4529AD016300E99592 /* Project object */ = {
			isa = PBXProject;
			attributes = {
				BuildIndependentTargetsInParallel = 1;
				LastSwiftUpdateCheck = 1420;
				LastUpgradeCheck = 1420;
				TargetAttributes = {
					2711AB4C29AD016300E99592 = {
						CreatedOnToolsVersion = 14.2;
					};
				};
			};
			buildConfigurationList = 2711AB4829AD016300E99592 /* Build configuration list for PBXProject "CookBook" */;
			compatibilityVersion = "Xcode 14.0";
			developmentRegion = en;
			hasScannedForEncodings = 0;
			knownRegions = (
				en,
				Base,
			);
			mainGroup = 2711AB4429AD016300E99592;
			productRefGroup = 2711AB4E29AD016300E99592 /* Products */;
			projectDirPath = "";
			projectRoot = "";
			targets = (
				2711AB4C29AD016300E99592 /* CookBook */,
			);
		};
/* End PBXProject section */

/* Begin PBXResourcesBuildPhase section */
		2711AB4B29AD016300E99592 /* Resources */ = {
			isa = PBXResourcesBuildPhase;
			buildActionMask = 2147483647;
			files = (
				6E21DE9929AE5A2300386741 /* Poppins-SemiBold.ttf in Resources */,
				2711AB5D29AD016400E99592 /* LaunchScreen.storyboard in Resources */,
				6E21DE9229AE4FD300386741 /* Poppins-Bold.ttf in Resources */,
				2711AB5A29AD016400E99592 /* Assets.xcassets in Resources */,
				6E21DE9329AE4FD300386741 /* Poppins-Regular.ttf in Resources */,
			);
			runOnlyForDeploymentPostprocessing = 0;
		};
/* End PBXResourcesBuildPhase section */

/* Begin PBXSourcesBuildPhase section */
		2711AB4929AD016300E99592 /* Sources */ = {
			isa = PBXSourcesBuildPhase;
			buildActionMask = 2147483647;
			files = (
				2711AB5529AD016300E99592 /* ViewController.swift in Sources */,
				27CFAB1B29AE66C4001E5947 /* LocalState.swift in Sources */,
				6E21DE9C29AE5C9D00386741 /* UIStackView + Extensions.swift in Sources */,
				2711AB5129AD016300E99592 /* AppDelegate.swift in Sources */,
				6E21DE9529AE52C400386741 /* UIFont + Extensions.swift in Sources */,
				0077C17A29AF83880016041B /* SquareRecipeUIView.swift in Sources */,
				2711AB5329AD016300E99592 /* SceneDelegate.swift in Sources */,
				0096E45C29ADE18400247EC6 /* StartScreenViewController.swift in Sources */,
				2700EC9429AF836E00DC3F3A /* MainViewController.swift in Sources */,
			);
			runOnlyForDeploymentPostprocessing = 0;
		};
/* End PBXSourcesBuildPhase section */

/* Begin PBXVariantGroup section */
		2711AB5B29AD016400E99592 /* LaunchScreen.storyboard */ = {
			isa = PBXVariantGroup;
			children = (
				2711AB5C29AD016400E99592 /* Base */,
			);
			name = LaunchScreen.storyboard;
			sourceTree = "<group>";
		};
/* End PBXVariantGroup section */

/* Begin XCBuildConfiguration section */
		2711AB5F29AD016400E99592 /* Debug */ = {
			isa = XCBuildConfiguration;
			buildSettings = {
				ALWAYS_SEARCH_USER_PATHS = NO;
				CLANG_ANALYZER_NONNULL = YES;
				CLANG_ANALYZER_NUMBER_OBJECT_CONVERSION = YES_AGGRESSIVE;
				CLANG_CXX_LANGUAGE_STANDARD = "gnu++20";
				CLANG_ENABLE_MODULES = YES;
				CLANG_ENABLE_OBJC_ARC = YES;
				CLANG_ENABLE_OBJC_WEAK = YES;
				CLANG_WARN_BLOCK_CAPTURE_AUTORELEASING = YES;
				CLANG_WARN_BOOL_CONVERSION = YES;
				CLANG_WARN_COMMA = YES;
				CLANG_WARN_CONSTANT_CONVERSION = YES;
				CLANG_WARN_DEPRECATED_OBJC_IMPLEMENTATIONS = YES;
				CLANG_WARN_DIRECT_OBJC_ISA_USAGE = YES_ERROR;
				CLANG_WARN_DOCUMENTATION_COMMENTS = YES;
				CLANG_WARN_EMPTY_BODY = YES;
				CLANG_WARN_ENUM_CONVERSION = YES;
				CLANG_WARN_INFINITE_RECURSION = YES;
				CLANG_WARN_INT_CONVERSION = YES;
				CLANG_WARN_NON_LITERAL_NULL_CONVERSION = YES;
				CLANG_WARN_OBJC_IMPLICIT_RETAIN_SELF = YES;
				CLANG_WARN_OBJC_LITERAL_CONVERSION = YES;
				CLANG_WARN_OBJC_ROOT_CLASS = YES_ERROR;
				CLANG_WARN_QUOTED_INCLUDE_IN_FRAMEWORK_HEADER = YES;
				CLANG_WARN_RANGE_LOOP_ANALYSIS = YES;
				CLANG_WARN_STRICT_PROTOTYPES = YES;
				CLANG_WARN_SUSPICIOUS_MOVE = YES;
				CLANG_WARN_UNGUARDED_AVAILABILITY = YES_AGGRESSIVE;
				CLANG_WARN_UNREACHABLE_CODE = YES;
				CLANG_WARN__DUPLICATE_METHOD_MATCH = YES;
				COPY_PHASE_STRIP = NO;
				DEBUG_INFORMATION_FORMAT = dwarf;
				ENABLE_STRICT_OBJC_MSGSEND = YES;
				ENABLE_TESTABILITY = YES;
				GCC_C_LANGUAGE_STANDARD = gnu11;
				GCC_DYNAMIC_NO_PIC = NO;
				GCC_NO_COMMON_BLOCKS = YES;
				GCC_OPTIMIZATION_LEVEL = 0;
				GCC_PREPROCESSOR_DEFINITIONS = (
					"DEBUG=1",
					"$(inherited)",
				);
				GCC_WARN_64_TO_32_BIT_CONVERSION = YES;
				GCC_WARN_ABOUT_RETURN_TYPE = YES_ERROR;
				GCC_WARN_UNDECLARED_SELECTOR = YES;
				GCC_WARN_UNINITIALIZED_AUTOS = YES_AGGRESSIVE;
				GCC_WARN_UNUSED_FUNCTION = YES;
				GCC_WARN_UNUSED_VARIABLE = YES;
				IPHONEOS_DEPLOYMENT_TARGET = 16.2;
				MTL_ENABLE_DEBUG_INFO = INCLUDE_SOURCE;
				MTL_FAST_MATH = YES;
				ONLY_ACTIVE_ARCH = YES;
				SDKROOT = iphoneos;
				SWIFT_ACTIVE_COMPILATION_CONDITIONS = DEBUG;
				SWIFT_OPTIMIZATION_LEVEL = "-Onone";
			};
			name = Debug;
		};
		2711AB6029AD016400E99592 /* Release */ = {
			isa = XCBuildConfiguration;
			buildSettings = {
				ALWAYS_SEARCH_USER_PATHS = NO;
				CLANG_ANALYZER_NONNULL = YES;
				CLANG_ANALYZER_NUMBER_OBJECT_CONVERSION = YES_AGGRESSIVE;
				CLANG_CXX_LANGUAGE_STANDARD = "gnu++20";
				CLANG_ENABLE_MODULES = YES;
				CLANG_ENABLE_OBJC_ARC = YES;
				CLANG_ENABLE_OBJC_WEAK = YES;
				CLANG_WARN_BLOCK_CAPTURE_AUTORELEASING = YES;
				CLANG_WARN_BOOL_CONVERSION = YES;
				CLANG_WARN_COMMA = YES;
				CLANG_WARN_CONSTANT_CONVERSION = YES;
				CLANG_WARN_DEPRECATED_OBJC_IMPLEMENTATIONS = YES;
				CLANG_WARN_DIRECT_OBJC_ISA_USAGE = YES_ERROR;
				CLANG_WARN_DOCUMENTATION_COMMENTS = YES;
				CLANG_WARN_EMPTY_BODY = YES;
				CLANG_WARN_ENUM_CONVERSION = YES;
				CLANG_WARN_INFINITE_RECURSION = YES;
				CLANG_WARN_INT_CONVERSION = YES;
				CLANG_WARN_NON_LITERAL_NULL_CONVERSION = YES;
				CLANG_WARN_OBJC_IMPLICIT_RETAIN_SELF = YES;
				CLANG_WARN_OBJC_LITERAL_CONVERSION = YES;
				CLANG_WARN_OBJC_ROOT_CLASS = YES_ERROR;
				CLANG_WARN_QUOTED_INCLUDE_IN_FRAMEWORK_HEADER = YES;
				CLANG_WARN_RANGE_LOOP_ANALYSIS = YES;
				CLANG_WARN_STRICT_PROTOTYPES = YES;
				CLANG_WARN_SUSPICIOUS_MOVE = YES;
				CLANG_WARN_UNGUARDED_AVAILABILITY = YES_AGGRESSIVE;
				CLANG_WARN_UNREACHABLE_CODE = YES;
				CLANG_WARN__DUPLICATE_METHOD_MATCH = YES;
				COPY_PHASE_STRIP = NO;
				DEBUG_INFORMATION_FORMAT = "dwarf-with-dsym";
				ENABLE_NS_ASSERTIONS = NO;
				ENABLE_STRICT_OBJC_MSGSEND = YES;
				GCC_C_LANGUAGE_STANDARD = gnu11;
				GCC_NO_COMMON_BLOCKS = YES;
				GCC_WARN_64_TO_32_BIT_CONVERSION = YES;
				GCC_WARN_ABOUT_RETURN_TYPE = YES_ERROR;
				GCC_WARN_UNDECLARED_SELECTOR = YES;
				GCC_WARN_UNINITIALIZED_AUTOS = YES_AGGRESSIVE;
				GCC_WARN_UNUSED_FUNCTION = YES;
				GCC_WARN_UNUSED_VARIABLE = YES;
				IPHONEOS_DEPLOYMENT_TARGET = 16.2;
				MTL_ENABLE_DEBUG_INFO = NO;
				MTL_FAST_MATH = YES;
				SDKROOT = iphoneos;
				SWIFT_COMPILATION_MODE = wholemodule;
				SWIFT_OPTIMIZATION_LEVEL = "-O";
				VALIDATE_PRODUCT = YES;
			};
			name = Release;
		};
		2711AB6229AD016400E99592 /* Debug */ = {
			isa = XCBuildConfiguration;
			buildSettings = {
				ASSETCATALOG_COMPILER_APPICON_NAME = AppIcon;
				ASSETCATALOG_COMPILER_GLOBAL_ACCENT_COLOR_NAME = AccentColor;
				CODE_SIGN_STYLE = Automatic;
				CURRENT_PROJECT_VERSION = 5;
				DEVELOPMENT_TEAM = 723HTEFHBA;
				GENERATE_INFOPLIST_FILE = YES;
				INFOPLIST_FILE = CookBook/Info.plist;
				INFOPLIST_KEY_CFBundleDisplayName = "Рецепты";
				INFOPLIST_KEY_LSApplicationCategoryType = "public.app-category.food-and-drink";
				INFOPLIST_KEY_UIApplicationSupportsIndirectInputEvents = YES;
				INFOPLIST_KEY_UILaunchStoryboardName = LaunchScreen;
				INFOPLIST_KEY_UISupportedInterfaceOrientations_iPad = "UIInterfaceOrientationPortrait UIInterfaceOrientationPortraitUpsideDown UIInterfaceOrientationLandscapeLeft UIInterfaceOrientationLandscapeRight";
				INFOPLIST_KEY_UISupportedInterfaceOrientations_iPhone = "UIInterfaceOrientationPortrait UIInterfaceOrientationLandscapeLeft UIInterfaceOrientationLandscapeRight";
				IPHONEOS_DEPLOYMENT_TARGET = 14.0;
				LD_RUNPATH_SEARCH_PATHS = (
					"$(inherited)",
					"@executable_path/Frameworks",
				);
				MARKETING_VERSION = 0.1.1;
				PRODUCT_BUNDLE_IDENTIFIER = ru.fibeapp.CookBook;
				PRODUCT_NAME = "$(TARGET_NAME)";
				SWIFT_EMIT_LOC_STRINGS = YES;
				SWIFT_VERSION = 5.0;
				TARGETED_DEVICE_FAMILY = "1,2";
			};
			name = Debug;
		};
		2711AB6329AD016400E99592 /* Release */ = {
			isa = XCBuildConfiguration;
			buildSettings = {
				ASSETCATALOG_COMPILER_APPICON_NAME = AppIcon;
				ASSETCATALOG_COMPILER_GLOBAL_ACCENT_COLOR_NAME = AccentColor;
				CODE_SIGN_STYLE = Automatic;
				CURRENT_PROJECT_VERSION = 5;
				DEVELOPMENT_TEAM = 723HTEFHBA;
				GENERATE_INFOPLIST_FILE = YES;
				INFOPLIST_FILE = CookBook/Info.plist;
				INFOPLIST_KEY_CFBundleDisplayName = "Рецепты";
				INFOPLIST_KEY_LSApplicationCategoryType = "public.app-category.food-and-drink";
				INFOPLIST_KEY_UIApplicationSupportsIndirectInputEvents = YES;
				INFOPLIST_KEY_UILaunchStoryboardName = LaunchScreen;
				INFOPLIST_KEY_UISupportedInterfaceOrientations_iPad = "UIInterfaceOrientationPortrait UIInterfaceOrientationPortraitUpsideDown UIInterfaceOrientationLandscapeLeft UIInterfaceOrientationLandscapeRight";
				INFOPLIST_KEY_UISupportedInterfaceOrientations_iPhone = "UIInterfaceOrientationPortrait UIInterfaceOrientationLandscapeLeft UIInterfaceOrientationLandscapeRight";
				IPHONEOS_DEPLOYMENT_TARGET = 14.0;
				LD_RUNPATH_SEARCH_PATHS = (
					"$(inherited)",
					"@executable_path/Frameworks",
				);
				MARKETING_VERSION = 0.1.1;
				PRODUCT_BUNDLE_IDENTIFIER = ru.fibeapp.CookBook;
				PRODUCT_NAME = "$(TARGET_NAME)";
				SWIFT_EMIT_LOC_STRINGS = YES;
				SWIFT_VERSION = 5.0;
				TARGETED_DEVICE_FAMILY = "1,2";
			};
			name = Release;
		};
/* End XCBuildConfiguration section */

/* Begin XCConfigurationList section */
		2711AB4829AD016300E99592 /* Build configuration list for PBXProject "CookBook" */ = {
			isa = XCConfigurationList;
			buildConfigurations = (
				2711AB5F29AD016400E99592 /* Debug */,
				2711AB6029AD016400E99592 /* Release */,
			);
			defaultConfigurationIsVisible = 0;
			defaultConfigurationName = Release;
		};
		2711AB6129AD016400E99592 /* Build configuration list for PBXNativeTarget "CookBook" */ = {
			isa = XCConfigurationList;
			buildConfigurations = (
				2711AB6229AD016400E99592 /* Debug */,
				2711AB6329AD016400E99592 /* Release */,
			);
			defaultConfigurationIsVisible = 0;
			defaultConfigurationName = Release;
		};
/* End XCConfigurationList section */
	};
	rootObject = 2711AB4529AD016300E99592 /* Project object */;
}
